// !$*UTF8*$!
{
	archiveVersion = 1;
	classes = {
	};
	objectVersion = 46;
	objects = {

/* Begin PBXBuildFile section */
		1A2329AF12F5127D006C6627 /* TestMisc.m in Sources */ = {isa = PBXBuildFile; fileRef = 1A1F645512F4DB51008C8725 /* TestMisc.m */; };
		1A2329B012F5127D006C6627 /* Coordinate.m in Sources */ = {isa = PBXBuildFile; fileRef = 1A7506D012EE94BC00181A5A /* Coordinate.m */; };
		1A2329B112F5127D006C6627 /* Writer.m in Sources */ = {isa = PBXBuildFile; fileRef = 1A45F9DE12F1275F00C8677A /* Writer.m */; };
		1A2329E612F5131E006C6627 /* SenTestingKit.framework in Frameworks */ = {isa = PBXBuildFile; fileRef = 1A2329E512F5131E006C6627 /* SenTestingKit.framework */; };
		1A2B61B61316CD4A0091DA6E /* ANTLR.framework in Frameworks */ = {isa = PBXBuildFile; fileRef = 1ACF4A1312EF7FE5004A7233 /* ANTLR.framework */; };
		1A2B61B81316CD4A0091DA6E /* Cocoa.framework in Frameworks */ = {isa = PBXBuildFile; fileRef = 1A2B61B71316CD4A0091DA6E /* Cocoa.framework */; };
		1A2B61C11316CEB50091DA6E /* Foundation.framework in Frameworks */ = {isa = PBXBuildFile; fileRef = 1A2B61C01316CEB50091DA6E /* Foundation.framework */; };
		1A2B62A21316CF0D0091DA6E /* CoreFoundation.framework in Frameworks */ = {isa = PBXBuildFile; fileRef = 1A2B62A11316CF0D0091DA6E /* CoreFoundation.framework */; };
		1A2B62AA1316CFD70091DA6E /* libobjc.A.dylib in Frameworks */ = {isa = PBXBuildFile; fileRef = 1A2B62A91316CFD70091DA6E /* libobjc.A.dylib */; };
		1A444BC912F5405900C78018 /* ST4.framework in Frameworks */ = {isa = PBXBuildFile; fileRef = 8DC2EF5B0486A6940098B216 /* ST4.framework */; };
		1A45F9DF12F1275F00C8677A /* Writer.h in Headers */ = {isa = PBXBuildFile; fileRef = 1A45F9DD12F1275F00C8677A /* Writer.h */; settings = {ATTRIBUTES = (Public, ); }; };
		1A45F9E012F1275F00C8677A /* Writer.m in Sources */ = {isa = PBXBuildFile; fileRef = 1A45F9DE12F1275F00C8677A /* Writer.m */; };
		1A45F9FC12F12A4300C8677A /* StringWriter.h in Headers */ = {isa = PBXBuildFile; fileRef = 1A45F9FA12F12A4300C8677A /* StringWriter.h */; settings = {ATTRIBUTES = (Public, ); }; };
		1A45F9FD12F12A4300C8677A /* StringWriter.m in Sources */ = {isa = PBXBuildFile; fileRef = 1A45F9FB12F12A4300C8677A /* StringWriter.m */; };
		1A6FC81B12FB4F1B003636A2 /* CodeGenerator.g in Resources */ = {isa = PBXBuildFile; fileRef = 1A6FC80F12FB4F1B003636A2 /* CodeGenerator.g */; };
		1A6FC81C12FB4F1B003636A2 /* CodeGenerator.h in Headers */ = {isa = PBXBuildFile; fileRef = 1A6FC81012FB4F1B003636A2 /* CodeGenerator.h */; settings = {ATTRIBUTES = (Public, ); }; };
		1A6FC81D12FB4F1B003636A2 /* CodeGenerator.m in Sources */ = {isa = PBXBuildFile; fileRef = 1A6FC81112FB4F1B003636A2 /* CodeGenerator.m */; };
		1A6FC81E12FB4F1B003636A2 /* Group.g in Resources */ = {isa = PBXBuildFile; fileRef = 1A6FC81212FB4F1B003636A2 /* Group.g */; };
		1A6FC81F12FB4F1B003636A2 /* GroupLexer.h in Headers */ = {isa = PBXBuildFile; fileRef = 1A6FC81312FB4F1B003636A2 /* GroupLexer.h */; settings = {ATTRIBUTES = (Public, ); }; };
		1A6FC82012FB4F1B003636A2 /* GroupLexer.m in Sources */ = {isa = PBXBuildFile; fileRef = 1A6FC81412FB4F1B003636A2 /* GroupLexer.m */; };
		1A6FC82112FB4F1B003636A2 /* GroupParser.h in Headers */ = {isa = PBXBuildFile; fileRef = 1A6FC81512FB4F1B003636A2 /* GroupParser.h */; settings = {ATTRIBUTES = (Public, ); }; };
		1A6FC82212FB4F1B003636A2 /* GroupParser.m in Sources */ = {isa = PBXBuildFile; fileRef = 1A6FC81612FB4F1B003636A2 /* GroupParser.m */; };
		1A6FC82312FB4F1B003636A2 /* STLexer.tokens in Resources */ = {isa = PBXBuildFile; fileRef = 1A6FC81712FB4F1B003636A2 /* STLexer.tokens */; };
		1A6FC82412FB4F1B003636A2 /* STParser.g in Resources */ = {isa = PBXBuildFile; fileRef = 1A6FC81812FB4F1B003636A2 /* STParser.g */; };
		1A6FC82512FB4F1B003636A2 /* STParser.h in Headers */ = {isa = PBXBuildFile; fileRef = 1A6FC81912FB4F1B003636A2 /* STParser.h */; settings = {ATTRIBUTES = (Public, ); }; };
		1A6FC82612FB4F1B003636A2 /* STParser.m in Sources */ = {isa = PBXBuildFile; fileRef = 1A6FC81A12FB4F1B003636A2 /* STParser.m */; };
		1A75065C12EE941A00181A5A /* AttributeRenderer.h in Headers */ = {isa = PBXBuildFile; fileRef = 1A75064412EE941A00181A5A /* AttributeRenderer.h */; settings = {ATTRIBUTES = (Public, ); }; };
		1A75065D12EE941A00181A5A /* AutoIndentWriter.h in Headers */ = {isa = PBXBuildFile; fileRef = 1A75064512EE941A00181A5A /* AutoIndentWriter.h */; settings = {ATTRIBUTES = (Public, ); }; };
		1A75065E12EE941A00181A5A /* AutoIndentWriter.m in Sources */ = {isa = PBXBuildFile; fileRef = 1A75064612EE941A00181A5A /* AutoIndentWriter.m */; };
		1A75065F12EE941A00181A5A /* DateRenderer.h in Headers */ = {isa = PBXBuildFile; fileRef = 1A75064712EE941A00181A5A /* DateRenderer.h */; settings = {ATTRIBUTES = (Public, ); }; };
		1A75066012EE941A00181A5A /* DateRenderer.m in Sources */ = {isa = PBXBuildFile; fileRef = 1A75064812EE941A00181A5A /* DateRenderer.m */; };
		1A75066112EE941A00181A5A /* Interpreter.h in Headers */ = {isa = PBXBuildFile; fileRef = 1A75064912EE941A00181A5A /* Interpreter.h */; settings = {ATTRIBUTES = (Public, ); }; };
		1A75066212EE941A00181A5A /* Interpreter.m in Sources */ = {isa = PBXBuildFile; fileRef = 1A75064A12EE941A00181A5A /* Interpreter.m */; };
		1A75066312EE941A00181A5A /* ModelAdaptor.h in Headers */ = {isa = PBXBuildFile; fileRef = 1A75064B12EE941A00181A5A /* ModelAdaptor.h */; settings = {ATTRIBUTES = (Public, ); }; };
		1A75066412EE941A00181A5A /* NoIndentWriter.h in Headers */ = {isa = PBXBuildFile; fileRef = 1A75064C12EE941A00181A5A /* NoIndentWriter.h */; settings = {ATTRIBUTES = (Public, ); }; };
		1A75066512EE941A00181A5A /* NoIndentWriter.m in Sources */ = {isa = PBXBuildFile; fileRef = 1A75064D12EE941A00181A5A /* NoIndentWriter.m */; };
		1A75066612EE941A00181A5A /* NumberRenderer.h in Headers */ = {isa = PBXBuildFile; fileRef = 1A75064E12EE941A00181A5A /* NumberRenderer.h */; settings = {ATTRIBUTES = (Public, ); }; };
		1A75066712EE941A00181A5A /* NumberRenderer.m in Sources */ = {isa = PBXBuildFile; fileRef = 1A75064F12EE941A00181A5A /* NumberRenderer.m */; };
		1A75066812EE941A00181A5A /* ST.h in Headers */ = {isa = PBXBuildFile; fileRef = 1A75065012EE941A00181A5A /* ST.h */; settings = {ATTRIBUTES = (Public, ); }; };
		1A75066912EE941A00181A5A /* ST.m in Sources */ = {isa = PBXBuildFile; fileRef = 1A75065112EE941A00181A5A /* ST.m */; };
		1A75066A12EE941A00181A5A /* STErrorListener.h in Headers */ = {isa = PBXBuildFile; fileRef = 1A75065212EE941A00181A5A /* STErrorListener.h */; settings = {ATTRIBUTES = (Public, ); }; };
		1A75066B12EE941A00181A5A /* STGroup.h in Headers */ = {isa = PBXBuildFile; fileRef = 1A75065312EE941A00181A5A /* STGroup.h */; settings = {ATTRIBUTES = (Public, ); }; };
		1A75066C12EE941A00181A5A /* STGroup.m in Sources */ = {isa = PBXBuildFile; fileRef = 1A75065412EE941A00181A5A /* STGroup.m */; };
		1A75066D12EE941A00181A5A /* STGroupDir.h in Headers */ = {isa = PBXBuildFile; fileRef = 1A75065512EE941A00181A5A /* STGroupDir.h */; settings = {ATTRIBUTES = (Public, ); }; };
		1A75066E12EE941A00181A5A /* STGroupDir.m in Sources */ = {isa = PBXBuildFile; fileRef = 1A75065612EE941A00181A5A /* STGroupDir.m */; };
		1A75066F12EE941A00181A5A /* STGroupFile.h in Headers */ = {isa = PBXBuildFile; fileRef = 1A75065712EE941A00181A5A /* STGroupFile.h */; settings = {ATTRIBUTES = (Public, ); }; };
		1A75067012EE941A00181A5A /* STGroupFile.m in Sources */ = {isa = PBXBuildFile; fileRef = 1A75065812EE941A00181A5A /* STGroupFile.m */; };
		1A75067112EE941A00181A5A /* StringRenderer.h in Headers */ = {isa = PBXBuildFile; fileRef = 1A75065912EE941A00181A5A /* StringRenderer.h */; settings = {ATTRIBUTES = (Public, ); }; };
		1A75067212EE941A00181A5A /* StringRenderer.m in Sources */ = {isa = PBXBuildFile; fileRef = 1A75065A12EE941A00181A5A /* StringRenderer.m */; };
		1A75067312EE941A00181A5A /* STWriter.h in Headers */ = {isa = PBXBuildFile; fileRef = 1A75065B12EE941A00181A5A /* STWriter.h */; settings = {ATTRIBUTES = (Public, ); }; };
		1A75069112EE947900181A5A /* Bytecode.h in Headers */ = {isa = PBXBuildFile; fileRef = 1A75067D12EE947900181A5A /* Bytecode.h */; settings = {ATTRIBUTES = (Public, ); }; };
		1A75069212EE947900181A5A /* Bytecode.m in Sources */ = {isa = PBXBuildFile; fileRef = 1A75067E12EE947900181A5A /* Bytecode.m */; };
		1A75069312EE947900181A5A /* BytecodeDisassembler.h in Headers */ = {isa = PBXBuildFile; fileRef = 1A75067F12EE947900181A5A /* BytecodeDisassembler.h */; settings = {ATTRIBUTES = (Public, ); }; };
		1A75069412EE947900181A5A /* BytecodeDisassembler.m in Sources */ = {isa = PBXBuildFile; fileRef = 1A75068012EE947900181A5A /* BytecodeDisassembler.m */; };
		1A75069512EE947900181A5A /* CompilationState.h in Headers */ = {isa = PBXBuildFile; fileRef = 1A75068112EE947900181A5A /* CompilationState.h */; settings = {ATTRIBUTES = (Public, ); }; };
		1A75069612EE947900181A5A /* CompilationState.m in Sources */ = {isa = PBXBuildFile; fileRef = 1A75068212EE947900181A5A /* CompilationState.m */; };
		1A75069712EE947900181A5A /* CompiledST.h in Headers */ = {isa = PBXBuildFile; fileRef = 1A75068312EE947900181A5A /* CompiledST.h */; settings = {ATTRIBUTES = (Public, ); }; };
		1A75069812EE947900181A5A /* CompiledST.m in Sources */ = {isa = PBXBuildFile; fileRef = 1A75068412EE947900181A5A /* CompiledST.m */; };
		1A75069912EE947900181A5A /* Compiler.h in Headers */ = {isa = PBXBuildFile; fileRef = 1A75068512EE947900181A5A /* Compiler.h */; settings = {ATTRIBUTES = (Public, ); }; };
		1A75069A12EE947900181A5A /* Compiler.m in Sources */ = {isa = PBXBuildFile; fileRef = 1A75068612EE947900181A5A /* Compiler.m */; };
		1A75069B12EE947900181A5A /* FormalArgument.h in Headers */ = {isa = PBXBuildFile; fileRef = 1A75068712EE947900181A5A /* FormalArgument.h */; settings = {ATTRIBUTES = (Public, ); }; };
		1A75069C12EE947900181A5A /* FormalArgument.m in Sources */ = {isa = PBXBuildFile; fileRef = 1A75068812EE947900181A5A /* FormalArgument.m */; };
		1A75069D12EE947900181A5A /* STException.h in Headers */ = {isa = PBXBuildFile; fileRef = 1A75068912EE947900181A5A /* STException.h */; settings = {ATTRIBUTES = (Public, ); }; };
		1A75069E12EE947900181A5A /* STException.m in Sources */ = {isa = PBXBuildFile; fileRef = 1A75068A12EE947900181A5A /* STException.m */; };
		1A75069F12EE947900181A5A /* STLexer.h in Headers */ = {isa = PBXBuildFile; fileRef = 1A75068B12EE947900181A5A /* STLexer.h */; settings = {ATTRIBUTES = (Public, ); }; };
		1A7506A012EE947900181A5A /* STLexer.m in Sources */ = {isa = PBXBuildFile; fileRef = 1A75068C12EE947900181A5A /* STLexer.m */; };
		1A7506A112EE947900181A5A /* StringTable.h in Headers */ = {isa = PBXBuildFile; fileRef = 1A75068D12EE947900181A5A /* StringTable.h */; settings = {ATTRIBUTES = (Public, ); }; };
		1A7506A212EE947900181A5A /* StringTable.m in Sources */ = {isa = PBXBuildFile; fileRef = 1A75068E12EE947900181A5A /* StringTable.m */; };
		1A7506B112EE949600181A5A /* AddAttributeEvent.h in Headers */ = {isa = PBXBuildFile; fileRef = 1A7506A512EE949600181A5A /* AddAttributeEvent.h */; settings = {ATTRIBUTES = (Public, ); }; };
		1A7506B212EE949600181A5A /* AddAttributeEvent.m in Sources */ = {isa = PBXBuildFile; fileRef = 1A7506A612EE949600181A5A /* AddAttributeEvent.m */; };
		1A7506B312EE949600181A5A /* ConstructionEvent.h in Headers */ = {isa = PBXBuildFile; fileRef = 1A7506A712EE949600181A5A /* ConstructionEvent.h */; settings = {ATTRIBUTES = (Public, ); }; };
		1A7506B412EE949600181A5A /* ConstructionEvent.m in Sources */ = {isa = PBXBuildFile; fileRef = 1A7506A812EE949600181A5A /* ConstructionEvent.m */; };
		1A7506B512EE949600181A5A /* DebugST.h in Headers */ = {isa = PBXBuildFile; fileRef = 1A7506A912EE949600181A5A /* DebugST.h */; settings = {ATTRIBUTES = (Public, ); }; };
		1A7506B612EE949600181A5A /* DebugST.m in Sources */ = {isa = PBXBuildFile; fileRef = 1A7506AA12EE949600181A5A /* DebugST.m */; };
		1A7506B712EE949600181A5A /* EvalExprEvent.h in Headers */ = {isa = PBXBuildFile; fileRef = 1A7506AB12EE949600181A5A /* EvalExprEvent.h */; settings = {ATTRIBUTES = (Public, ); }; };
		1A7506B812EE949600181A5A /* EvalExprEvent.m in Sources */ = {isa = PBXBuildFile; fileRef = 1A7506AC12EE949600181A5A /* EvalExprEvent.m */; };
		1A7506B912EE949600181A5A /* EvalTemplateEvent.h in Headers */ = {isa = PBXBuildFile; fileRef = 1A7506AD12EE949600181A5A /* EvalTemplateEvent.h */; settings = {ATTRIBUTES = (Public, ); }; };
		1A7506BA12EE949600181A5A /* EvalTemplateEvent.m in Sources */ = {isa = PBXBuildFile; fileRef = 1A7506AE12EE949600181A5A /* EvalTemplateEvent.m */; };
		1A7506BB12EE949600181A5A /* InterpEvent.h in Headers */ = {isa = PBXBuildFile; fileRef = 1A7506AF12EE949600181A5A /* InterpEvent.h */; settings = {ATTRIBUTES = (Public, ); }; };
		1A7506BC12EE949600181A5A /* InterpEvent.m in Sources */ = {isa = PBXBuildFile; fileRef = 1A7506B012EE949600181A5A /* InterpEvent.m */; };
		1A7506F112EE94BC00181A5A /* ArrayIterator.h in Headers */ = {isa = PBXBuildFile; fileRef = 1A7506CD12EE94BC00181A5A /* ArrayIterator.h */; settings = {ATTRIBUTES = (Public, ); }; };
		1A7506F212EE94BC00181A5A /* ArrayIterator.m in Sources */ = {isa = PBXBuildFile; fileRef = 1A7506CE12EE94BC00181A5A /* ArrayIterator.m */; };
		1A7506F312EE94BC00181A5A /* Coordinate.h in Headers */ = {isa = PBXBuildFile; fileRef = 1A7506CF12EE94BC00181A5A /* Coordinate.h */; settings = {ATTRIBUTES = (Public, ); }; };
		1A7506F412EE94BC00181A5A /* Coordinate.m in Sources */ = {isa = PBXBuildFile; fileRef = 1A7506D012EE94BC00181A5A /* Coordinate.m */; };
		1A7506F512EE94BC00181A5A /* ErrorBuffer.h in Headers */ = {isa = PBXBuildFile; fileRef = 1A7506D112EE94BC00181A5A /* ErrorBuffer.h */; settings = {ATTRIBUTES = (Public, ); }; };
		1A7506F612EE94BC00181A5A /* ErrorBuffer.m in Sources */ = {isa = PBXBuildFile; fileRef = 1A7506D212EE94BC00181A5A /* ErrorBuffer.m */; };
		1A7506F712EE94BC00181A5A /* ErrorManager.h in Headers */ = {isa = PBXBuildFile; fileRef = 1A7506D312EE94BC00181A5A /* ErrorManager.h */; settings = {ATTRIBUTES = (Public, ); }; };
		1A7506F812EE94BC00181A5A /* ErrorManager.m in Sources */ = {isa = PBXBuildFile; fileRef = 1A7506D412EE94BC00181A5A /* ErrorManager.m */; };
		1A7506F912EE94BC00181A5A /* ErrorType.h in Headers */ = {isa = PBXBuildFile; fileRef = 1A7506D512EE94BC00181A5A /* ErrorType.h */; settings = {ATTRIBUTES = (Public, ); }; };
		1A7506FA12EE94BC00181A5A /* ErrorType.m in Sources */ = {isa = PBXBuildFile; fileRef = 1A7506D612EE94BC00181A5A /* ErrorType.m */; };
		1A7506FB12EE94BC00181A5A /* Interval.h in Headers */ = {isa = PBXBuildFile; fileRef = 1A7506D712EE94BC00181A5A /* Interval.h */; settings = {ATTRIBUTES = (Public, ); }; };
		1A7506FC12EE94BC00181A5A /* Interval.m in Sources */ = {isa = PBXBuildFile; fileRef = 1A7506D812EE94BC00181A5A /* Interval.m */; };
		1A7506FD12EE94BC00181A5A /* MapModelAdaptor.h in Headers */ = {isa = PBXBuildFile; fileRef = 1A7506D912EE94BC00181A5A /* MapModelAdaptor.h */; settings = {ATTRIBUTES = (Public, ); }; };
		1A7506FE12EE94BC00181A5A /* MapModelAdaptor.m in Sources */ = {isa = PBXBuildFile; fileRef = 1A7506DA12EE94BC00181A5A /* MapModelAdaptor.m */; };
		1A7506FF12EE94BC00181A5A /* Misc.h in Headers */ = {isa = PBXBuildFile; fileRef = 1A7506DB12EE94BC00181A5A /* Misc.h */; settings = {ATTRIBUTES = (Public, ); }; };
		1A75070012EE94BC00181A5A /* Misc.m in Sources */ = {isa = PBXBuildFile; fileRef = 1A7506DC12EE94BC00181A5A /* Misc.m */; };
		1A75070112EE94BC00181A5A /* MultiMap.h in Headers */ = {isa = PBXBuildFile; fileRef = 1A7506DD12EE94BC00181A5A /* MultiMap.h */; settings = {ATTRIBUTES = (Public, ); }; };
		1A75070212EE94BC00181A5A /* MultiMap.m in Sources */ = {isa = PBXBuildFile; fileRef = 1A7506DE12EE94BC00181A5A /* MultiMap.m */; };
		1A75070312EE94BC00181A5A /* ObjectModelAdaptor.h in Headers */ = {isa = PBXBuildFile; fileRef = 1A7506DF12EE94BC00181A5A /* ObjectModelAdaptor.h */; settings = {ATTRIBUTES = (Public, ); }; };
		1A75070412EE94BC00181A5A /* ObjectModelAdaptor.m in Sources */ = {isa = PBXBuildFile; fileRef = 1A7506E012EE94BC00181A5A /* ObjectModelAdaptor.m */; };
		1A75070512EE94BC00181A5A /* STCompiletimeMessage.h in Headers */ = {isa = PBXBuildFile; fileRef = 1A7506E112EE94BC00181A5A /* STCompiletimeMessage.h */; settings = {ATTRIBUTES = (Public, ); }; };
		1A75070612EE94BC00181A5A /* STCompiletimeMessage.m in Sources */ = {isa = PBXBuildFile; fileRef = 1A7506E212EE94BC00181A5A /* STCompiletimeMessage.m */; };
		1A75070712EE94BC00181A5A /* STDump.h in Headers */ = {isa = PBXBuildFile; fileRef = 1A7506E312EE94BC00181A5A /* STDump.h */; settings = {ATTRIBUTES = (Public, ); }; };
		1A75070812EE94BC00181A5A /* STDump.m in Sources */ = {isa = PBXBuildFile; fileRef = 1A7506E412EE94BC00181A5A /* STDump.m */; };
		1A75070912EE94BC00181A5A /* STGroupCompiletimeMessage.h in Headers */ = {isa = PBXBuildFile; fileRef = 1A7506E512EE94BC00181A5A /* STGroupCompiletimeMessage.h */; settings = {ATTRIBUTES = (Public, ); }; };
		1A75070A12EE94BC00181A5A /* STGroupCompiletimeMessage.m in Sources */ = {isa = PBXBuildFile; fileRef = 1A7506E612EE94BC00181A5A /* STGroupCompiletimeMessage.m */; };
		1A75070B12EE94BC00181A5A /* STLexerMessage.h in Headers */ = {isa = PBXBuildFile; fileRef = 1A7506E712EE94BC00181A5A /* STLexerMessage.h */; settings = {ATTRIBUTES = (Public, ); }; };
		1A75070C12EE94BC00181A5A /* STLexerMessage.m in Sources */ = {isa = PBXBuildFile; fileRef = 1A7506E812EE94BC00181A5A /* STLexerMessage.m */; };
		1A75070D12EE94BC00181A5A /* STMessage.h in Headers */ = {isa = PBXBuildFile; fileRef = 1A7506E912EE94BC00181A5A /* STMessage.h */; settings = {ATTRIBUTES = (Public, ); }; };
		1A75070E12EE94BC00181A5A /* STMessage.m in Sources */ = {isa = PBXBuildFile; fileRef = 1A7506EA12EE94BC00181A5A /* STMessage.m */; };
		1A75070F12EE94BC00181A5A /* STModelAdaptor.h in Headers */ = {isa = PBXBuildFile; fileRef = 1A7506EB12EE94BC00181A5A /* STModelAdaptor.h */; settings = {ATTRIBUTES = (Public, ); }; };
		1A75071012EE94BC00181A5A /* STModelAdaptor.m in Sources */ = {isa = PBXBuildFile; fileRef = 1A7506EC12EE94BC00181A5A /* STModelAdaptor.m */; };
		1A75071312EE94BC00181A5A /* STRuntimeMessage.h in Headers */ = {isa = PBXBuildFile; fileRef = 1A7506EF12EE94BC00181A5A /* STRuntimeMessage.h */; settings = {ATTRIBUTES = (Public, ); }; };
		1A75071412EE94BC00181A5A /* STRuntimeMessage.m in Sources */ = {isa = PBXBuildFile; fileRef = 1A7506F012EE94BC00181A5A /* STRuntimeMessage.m */; };
		1AE408D312F71CE100CE1D62 /* MemBuffer.h in Headers */ = {isa = PBXBuildFile; fileRef = 1AE408D112F71CE100CE1D62 /* MemBuffer.h */; settings = {ATTRIBUTES = (Public, ); }; };
		1AE408D412F71CE100CE1D62 /* MemBuffer.m in Sources */ = {isa = PBXBuildFile; fileRef = 1AE408D212F71CE100CE1D62 /* MemBuffer.m */; };
		1AF71DBD12F4767D0074A82A /* PrintWriter.h in Headers */ = {isa = PBXBuildFile; fileRef = 1AF71DBB12F4767D0074A82A /* PrintWriter.h */; settings = {ATTRIBUTES = (Public, ); }; };
		1AF71DBE12F4767D0074A82A /* PrintWriter.m in Sources */ = {isa = PBXBuildFile; fileRef = 1AF71DBC12F4767D0074A82A /* PrintWriter.m */; };
		8DC2EF530486A6940098B216 /* InfoPlist.strings in Resources */ = {isa = PBXBuildFile; fileRef = 089C1666FE841158C02AAC07 /* InfoPlist.strings */; };
/* End PBXBuildFile section */

/* Begin PBXBuildRule section */
		1A871C17130CAEFD00B5F5A6 /* PBXBuildRule */ = {
			isa = PBXBuildRule;
			compilerSpec = com.apple.compilers.proxy.script;
			filePatterns = "*.g";
			fileType = pattern.proxy;
			isEditable = 1;
			outputFiles = (
			);
			script = "java -classpath /usr/local/java/antlr-3.2.jar antlr.Tool ${FILE}.g";
		};
/* End PBXBuildRule section */

/* Begin PBXFileReference section */
		0867D69BFE84028FC02AAC07 /* Foundation.framework */ = {isa = PBXFileReference; lastKnownFileType = wrapper.framework; name = Foundation.framework; path = /System/Library/Frameworks/Foundation.framework; sourceTree = "<absolute>"; };
		0867D6A5FE840307C02AAC07 /* AppKit.framework */ = {isa = PBXFileReference; lastKnownFileType = wrapper.framework; name = AppKit.framework; path = /System/Library/Frameworks/AppKit.framework; sourceTree = "<absolute>"; };
		089C1667FE841158C02AAC07 /* English */ = {isa = PBXFileReference; fileEncoding = 10; lastKnownFileType = text.plist.strings; name = English; path = English.lproj/InfoPlist.strings; sourceTree = "<group>"; };
		1058C7B1FEA5585E11CA2CBB /* Cocoa.framework */ = {isa = PBXFileReference; lastKnownFileType = wrapper.framework; name = Cocoa.framework; path = /System/Library/Frameworks/Cocoa.framework; sourceTree = "<absolute>"; };
		1A1F645412F4DB51008C8725 /* TestMisc.h */ = {isa = PBXFileReference; fileEncoding = 4; lastKnownFileType = sourcecode.c.h; name = TestMisc.h; path = ../main/Tests/TestMisc.h; sourceTree = SOURCE_ROOT; };
		1A1F645512F4DB51008C8725 /* TestMisc.m */ = {isa = PBXFileReference; fileEncoding = 4; lastKnownFileType = sourcecode.c.objc; name = TestMisc.m; path = ../main/Tests/TestMisc.m; sourceTree = SOURCE_ROOT; };
		1A1F645E12F4DD6D008C8725 /* TestCoord-Info.plist */ = {isa = PBXFileReference; lastKnownFileType = text.plist.xml; path = "TestCoord-Info.plist"; sourceTree = "<group>"; };
		1A2329A812F51185006C6627 /* TestMisc.octest */ = {isa = PBXFileReference; explicitFileType = wrapper.cfbundle; includeInIndex = 0; path = TestMisc.octest; sourceTree = BUILT_PRODUCTS_DIR; };
		1A2329A912F51185006C6627 /* TestMisc-Info.plist */ = {isa = PBXFileReference; lastKnownFileType = text.plist.xml; path = "TestMisc-Info.plist"; sourceTree = "<group>"; };
		1A2329E512F5131E006C6627 /* SenTestingKit.framework */ = {isa = PBXFileReference; lastKnownFileType = wrapper.framework; name = SenTestingKit.framework; path = Library/Frameworks/SenTestingKit.framework; sourceTree = DEVELOPER_DIR; };
		1A2B61B71316CD4A0091DA6E /* Cocoa.framework */ = {isa = PBXFileReference; lastKnownFileType = wrapper.framework; name = Cocoa.framework; path = System/Library/Frameworks/Cocoa.framework; sourceTree = SDKROOT; };
		1A2B61C01316CEB50091DA6E /* Foundation.framework */ = {isa = PBXFileReference; lastKnownFileType = wrapper.framework; name = Foundation.framework; path = System/Library/Frameworks/Foundation.framework; sourceTree = SDKROOT; };
		1A2B62A11316CF0D0091DA6E /* CoreFoundation.framework */ = {isa = PBXFileReference; lastKnownFileType = wrapper.framework; name = CoreFoundation.framework; path = System/Library/Frameworks/CoreFoundation.framework; sourceTree = SDKROOT; };
		1A2B62A91316CFD70091DA6E /* libobjc.A.dylib */ = {isa = PBXFileReference; lastKnownFileType = "compiled.mach-o.dylib"; name = libobjc.A.dylib; path = usr/lib/libobjc.A.dylib; sourceTree = SDKROOT; };
		1A45F9DD12F1275F00C8677A /* Writer.h */ = {isa = PBXFileReference; fileEncoding = 4; lastKnownFileType = sourcecode.c.h; name = Writer.h; path = ../main/misc/Writer.h; sourceTree = SOURCE_ROOT; };
		1A45F9DE12F1275F00C8677A /* Writer.m */ = {isa = PBXFileReference; fileEncoding = 4; lastKnownFileType = sourcecode.c.objc; name = Writer.m; path = ../main/misc/Writer.m; sourceTree = SOURCE_ROOT; };
		1A45F9FA12F12A4300C8677A /* StringWriter.h */ = {isa = PBXFileReference; fileEncoding = 4; lastKnownFileType = sourcecode.c.h; name = StringWriter.h; path = ../main/misc/StringWriter.h; sourceTree = SOURCE_ROOT; };
		1A45F9FB12F12A4300C8677A /* StringWriter.m */ = {isa = PBXFileReference; fileEncoding = 4; lastKnownFileType = sourcecode.c.objc; name = StringWriter.m; path = ../main/misc/StringWriter.m; sourceTree = SOURCE_ROOT; };
		1A6FC80F12FB4F1B003636A2 /* CodeGenerator.g */ = {isa = PBXFileReference; fileEncoding = 4; lastKnownFileType = text; name = CodeGenerator.g; path = compiler/CodeGenerator.g; sourceTree = "<group>"; };
		1A6FC81012FB4F1B003636A2 /* CodeGenerator.h */ = {isa = PBXFileReference; fileEncoding = 4; lastKnownFileType = sourcecode.c.h; name = CodeGenerator.h; path = compiler/CodeGenerator.h; sourceTree = "<group>"; };
		1A6FC81112FB4F1B003636A2 /* CodeGenerator.m */ = {isa = PBXFileReference; fileEncoding = 4; lastKnownFileType = sourcecode.c.objc; name = CodeGenerator.m; path = compiler/CodeGenerator.m; sourceTree = "<group>"; };
		1A6FC81212FB4F1B003636A2 /* Group.g */ = {isa = PBXFileReference; fileEncoding = 4; lastKnownFileType = text; name = Group.g; path = compiler/Group.g; sourceTree = "<group>"; };
		1A6FC81312FB4F1B003636A2 /* GroupLexer.h */ = {isa = PBXFileReference; fileEncoding = 4; lastKnownFileType = sourcecode.c.h; name = GroupLexer.h; path = compiler/GroupLexer.h; sourceTree = "<group>"; };
		1A6FC81412FB4F1B003636A2 /* GroupLexer.m */ = {isa = PBXFileReference; fileEncoding = 4; lastKnownFileType = sourcecode.c.objc; name = GroupLexer.m; path = compiler/GroupLexer.m; sourceTree = "<group>"; };
		1A6FC81512FB4F1B003636A2 /* GroupParser.h */ = {isa = PBXFileReference; fileEncoding = 4; lastKnownFileType = sourcecode.c.h; name = GroupParser.h; path = compiler/GroupParser.h; sourceTree = "<group>"; };
		1A6FC81612FB4F1B003636A2 /* GroupParser.m */ = {isa = PBXFileReference; fileEncoding = 4; lastKnownFileType = sourcecode.c.objc; name = GroupParser.m; path = compiler/GroupParser.m; sourceTree = "<group>"; };
		1A6FC81712FB4F1B003636A2 /* STLexer.tokens */ = {isa = PBXFileReference; fileEncoding = 4; lastKnownFileType = text; name = STLexer.tokens; path = compiler/STLexer.tokens; sourceTree = "<group>"; };
		1A6FC81812FB4F1B003636A2 /* STParser.g */ = {isa = PBXFileReference; fileEncoding = 4; lastKnownFileType = text; name = STParser.g; path = compiler/STParser.g; sourceTree = "<group>"; };
		1A6FC81912FB4F1B003636A2 /* STParser.h */ = {isa = PBXFileReference; fileEncoding = 4; lastKnownFileType = sourcecode.c.h; name = STParser.h; path = compiler/STParser.h; sourceTree = "<group>"; };
		1A6FC81A12FB4F1B003636A2 /* STParser.m */ = {isa = PBXFileReference; fileEncoding = 4; lastKnownFileType = sourcecode.c.objc; name = STParser.m; path = compiler/STParser.m; sourceTree = "<group>"; };
		1A75064412EE941A00181A5A /* AttributeRenderer.h */ = {isa = PBXFileReference; fileEncoding = 4; lastKnownFileType = sourcecode.c.h; name = AttributeRenderer.h; path = ../main/AttributeRenderer.h; sourceTree = SOURCE_ROOT; };
		1A75064512EE941A00181A5A /* AutoIndentWriter.h */ = {isa = PBXFileReference; fileEncoding = 4; lastKnownFileType = sourcecode.c.h; name = AutoIndentWriter.h; path = ../main/AutoIndentWriter.h; sourceTree = SOURCE_ROOT; };
		1A75064612EE941A00181A5A /* AutoIndentWriter.m */ = {isa = PBXFileReference; fileEncoding = 4; lastKnownFileType = sourcecode.c.objc; name = AutoIndentWriter.m; path = ../main/AutoIndentWriter.m; sourceTree = SOURCE_ROOT; };
		1A75064712EE941A00181A5A /* DateRenderer.h */ = {isa = PBXFileReference; fileEncoding = 4; lastKnownFileType = sourcecode.c.h; name = DateRenderer.h; path = ../main/DateRenderer.h; sourceTree = SOURCE_ROOT; };
		1A75064812EE941A00181A5A /* DateRenderer.m */ = {isa = PBXFileReference; fileEncoding = 4; lastKnownFileType = sourcecode.c.objc; name = DateRenderer.m; path = ../main/DateRenderer.m; sourceTree = SOURCE_ROOT; };
		1A75064912EE941A00181A5A /* Interpreter.h */ = {isa = PBXFileReference; fileEncoding = 4; lastKnownFileType = sourcecode.c.h; name = Interpreter.h; path = ../main/Interpreter.h; sourceTree = SOURCE_ROOT; };
		1A75064A12EE941A00181A5A /* Interpreter.m */ = {isa = PBXFileReference; fileEncoding = 4; lastKnownFileType = sourcecode.c.objc; name = Interpreter.m; path = ../main/Interpreter.m; sourceTree = SOURCE_ROOT; };
		1A75064B12EE941A00181A5A /* ModelAdaptor.h */ = {isa = PBXFileReference; fileEncoding = 4; lastKnownFileType = sourcecode.c.h; name = ModelAdaptor.h; path = ../main/ModelAdaptor.h; sourceTree = SOURCE_ROOT; };
		1A75064C12EE941A00181A5A /* NoIndentWriter.h */ = {isa = PBXFileReference; fileEncoding = 4; lastKnownFileType = sourcecode.c.h; name = NoIndentWriter.h; path = ../main/NoIndentWriter.h; sourceTree = SOURCE_ROOT; };
		1A75064D12EE941A00181A5A /* NoIndentWriter.m */ = {isa = PBXFileReference; fileEncoding = 4; lastKnownFileType = sourcecode.c.objc; name = NoIndentWriter.m; path = ../main/NoIndentWriter.m; sourceTree = SOURCE_ROOT; };
		1A75064E12EE941A00181A5A /* NumberRenderer.h */ = {isa = PBXFileReference; fileEncoding = 4; lastKnownFileType = sourcecode.c.h; name = NumberRenderer.h; path = ../main/NumberRenderer.h; sourceTree = SOURCE_ROOT; };
		1A75064F12EE941A00181A5A /* NumberRenderer.m */ = {isa = PBXFileReference; fileEncoding = 4; lastKnownFileType = sourcecode.c.objc; name = NumberRenderer.m; path = ../main/NumberRenderer.m; sourceTree = SOURCE_ROOT; };
		1A75065012EE941A00181A5A /* ST.h */ = {isa = PBXFileReference; fileEncoding = 4; lastKnownFileType = sourcecode.c.h; name = ST.h; path = ../main/ST.h; sourceTree = SOURCE_ROOT; };
		1A75065112EE941A00181A5A /* ST.m */ = {isa = PBXFileReference; fileEncoding = 4; lastKnownFileType = sourcecode.c.objc; name = ST.m; path = ../main/ST.m; sourceTree = SOURCE_ROOT; };
		1A75065212EE941A00181A5A /* STErrorListener.h */ = {isa = PBXFileReference; fileEncoding = 4; lastKnownFileType = sourcecode.c.h; name = STErrorListener.h; path = ../main/STErrorListener.h; sourceTree = SOURCE_ROOT; };
		1A75065312EE941A00181A5A /* STGroup.h */ = {isa = PBXFileReference; fileEncoding = 4; lastKnownFileType = sourcecode.c.h; name = STGroup.h; path = ../main/STGroup.h; sourceTree = SOURCE_ROOT; };
		1A75065412EE941A00181A5A /* STGroup.m */ = {isa = PBXFileReference; fileEncoding = 4; lastKnownFileType = sourcecode.c.objc; name = STGroup.m; path = ../main/STGroup.m; sourceTree = SOURCE_ROOT; };
		1A75065512EE941A00181A5A /* STGroupDir.h */ = {isa = PBXFileReference; fileEncoding = 4; lastKnownFileType = sourcecode.c.h; name = STGroupDir.h; path = ../main/STGroupDir.h; sourceTree = SOURCE_ROOT; };
		1A75065612EE941A00181A5A /* STGroupDir.m */ = {isa = PBXFileReference; fileEncoding = 4; lastKnownFileType = sourcecode.c.objc; name = STGroupDir.m; path = ../main/STGroupDir.m; sourceTree = SOURCE_ROOT; };
		1A75065712EE941A00181A5A /* STGroupFile.h */ = {isa = PBXFileReference; fileEncoding = 4; lastKnownFileType = sourcecode.c.h; name = STGroupFile.h; path = ../main/STGroupFile.h; sourceTree = SOURCE_ROOT; };
		1A75065812EE941A00181A5A /* STGroupFile.m */ = {isa = PBXFileReference; fileEncoding = 4; lastKnownFileType = sourcecode.c.objc; name = STGroupFile.m; path = ../main/STGroupFile.m; sourceTree = SOURCE_ROOT; };
		1A75065912EE941A00181A5A /* StringRenderer.h */ = {isa = PBXFileReference; fileEncoding = 4; lastKnownFileType = sourcecode.c.h; name = StringRenderer.h; path = ../main/StringRenderer.h; sourceTree = SOURCE_ROOT; };
		1A75065A12EE941A00181A5A /* StringRenderer.m */ = {isa = PBXFileReference; fileEncoding = 4; lastKnownFileType = sourcecode.c.objc; name = StringRenderer.m; path = ../main/StringRenderer.m; sourceTree = SOURCE_ROOT; };
		1A75065B12EE941A00181A5A /* STWriter.h */ = {isa = PBXFileReference; fileEncoding = 4; lastKnownFileType = sourcecode.c.h; name = STWriter.h; path = ../main/STWriter.h; sourceTree = SOURCE_ROOT; };
		1A75067D12EE947900181A5A /* Bytecode.h */ = {isa = PBXFileReference; fileEncoding = 4; lastKnownFileType = sourcecode.c.h; name = Bytecode.h; path = ../main/compiler/Bytecode.h; sourceTree = SOURCE_ROOT; };
		1A75067E12EE947900181A5A /* Bytecode.m */ = {isa = PBXFileReference; fileEncoding = 4; lastKnownFileType = sourcecode.c.objc; name = Bytecode.m; path = ../main/compiler/Bytecode.m; sourceTree = SOURCE_ROOT; };
		1A75067F12EE947900181A5A /* BytecodeDisassembler.h */ = {isa = PBXFileReference; fileEncoding = 4; lastKnownFileType = sourcecode.c.h; name = BytecodeDisassembler.h; path = ../main/compiler/BytecodeDisassembler.h; sourceTree = SOURCE_ROOT; };
		1A75068012EE947900181A5A /* BytecodeDisassembler.m */ = {isa = PBXFileReference; fileEncoding = 4; lastKnownFileType = sourcecode.c.objc; name = BytecodeDisassembler.m; path = ../main/compiler/BytecodeDisassembler.m; sourceTree = SOURCE_ROOT; };
		1A75068112EE947900181A5A /* CompilationState.h */ = {isa = PBXFileReference; fileEncoding = 4; lastKnownFileType = sourcecode.c.h; name = CompilationState.h; path = ../main/compiler/CompilationState.h; sourceTree = SOURCE_ROOT; };
		1A75068212EE947900181A5A /* CompilationState.m */ = {isa = PBXFileReference; fileEncoding = 4; lastKnownFileType = sourcecode.c.objc; name = CompilationState.m; path = ../main/compiler/CompilationState.m; sourceTree = SOURCE_ROOT; };
		1A75068312EE947900181A5A /* CompiledST.h */ = {isa = PBXFileReference; fileEncoding = 4; lastKnownFileType = sourcecode.c.h; name = CompiledST.h; path = ../main/compiler/CompiledST.h; sourceTree = SOURCE_ROOT; };
		1A75068412EE947900181A5A /* CompiledST.m */ = {isa = PBXFileReference; fileEncoding = 4; lastKnownFileType = sourcecode.c.objc; name = CompiledST.m; path = ../main/compiler/CompiledST.m; sourceTree = SOURCE_ROOT; };
		1A75068512EE947900181A5A /* Compiler.h */ = {isa = PBXFileReference; fileEncoding = 4; lastKnownFileType = sourcecode.c.h; name = Compiler.h; path = ../main/compiler/Compiler.h; sourceTree = SOURCE_ROOT; };
		1A75068612EE947900181A5A /* Compiler.m */ = {isa = PBXFileReference; fileEncoding = 4; lastKnownFileType = sourcecode.c.objc; name = Compiler.m; path = ../main/compiler/Compiler.m; sourceTree = SOURCE_ROOT; };
		1A75068712EE947900181A5A /* FormalArgument.h */ = {isa = PBXFileReference; fileEncoding = 4; lastKnownFileType = sourcecode.c.h; name = FormalArgument.h; path = ../main/compiler/FormalArgument.h; sourceTree = SOURCE_ROOT; };
		1A75068812EE947900181A5A /* FormalArgument.m */ = {isa = PBXFileReference; fileEncoding = 4; lastKnownFileType = sourcecode.c.objc; name = FormalArgument.m; path = ../main/compiler/FormalArgument.m; sourceTree = SOURCE_ROOT; };
		1A75068912EE947900181A5A /* STException.h */ = {isa = PBXFileReference; fileEncoding = 4; lastKnownFileType = sourcecode.c.h; name = STException.h; path = ../main/compiler/STException.h; sourceTree = SOURCE_ROOT; };
		1A75068A12EE947900181A5A /* STException.m */ = {isa = PBXFileReference; fileEncoding = 4; lastKnownFileType = sourcecode.c.objc; name = STException.m; path = ../main/compiler/STException.m; sourceTree = SOURCE_ROOT; };
		1A75068B12EE947900181A5A /* STLexer.h */ = {isa = PBXFileReference; fileEncoding = 4; lastKnownFileType = sourcecode.c.h; name = STLexer.h; path = ../main/compiler/STLexer.h; sourceTree = SOURCE_ROOT; };
		1A75068C12EE947900181A5A /* STLexer.m */ = {isa = PBXFileReference; fileEncoding = 4; lastKnownFileType = sourcecode.c.objc; name = STLexer.m; path = ../main/compiler/STLexer.m; sourceTree = SOURCE_ROOT; };
		1A75068D12EE947900181A5A /* StringTable.h */ = {isa = PBXFileReference; fileEncoding = 4; lastKnownFileType = sourcecode.c.h; name = StringTable.h; path = ../main/compiler/StringTable.h; sourceTree = SOURCE_ROOT; };
		1A75068E12EE947900181A5A /* StringTable.m */ = {isa = PBXFileReference; fileEncoding = 4; lastKnownFileType = sourcecode.c.objc; name = StringTable.m; path = ../main/compiler/StringTable.m; sourceTree = SOURCE_ROOT; };
		1A75068F12EE947900181A5A /* TestNewStuff.h */ = {isa = PBXFileReference; fileEncoding = 4; lastKnownFileType = sourcecode.c.h; name = TestNewStuff.h; path = ../main/compiler/TestNewStuff.h; sourceTree = SOURCE_ROOT; };
		1A75069012EE947900181A5A /* TestNewStuff.m */ = {isa = PBXFileReference; fileEncoding = 4; lastKnownFileType = sourcecode.c.objc; name = TestNewStuff.m; path = ../main/compiler/TestNewStuff.m; sourceTree = SOURCE_ROOT; };
		1A7506A512EE949600181A5A /* AddAttributeEvent.h */ = {isa = PBXFileReference; fileEncoding = 4; lastKnownFileType = sourcecode.c.h; name = AddAttributeEvent.h; path = ../main/debug/AddAttributeEvent.h; sourceTree = SOURCE_ROOT; };
		1A7506A612EE949600181A5A /* AddAttributeEvent.m */ = {isa = PBXFileReference; fileEncoding = 4; lastKnownFileType = sourcecode.c.objc; name = AddAttributeEvent.m; path = ../main/debug/AddAttributeEvent.m; sourceTree = SOURCE_ROOT; };
		1A7506A712EE949600181A5A /* ConstructionEvent.h */ = {isa = PBXFileReference; fileEncoding = 4; lastKnownFileType = sourcecode.c.h; name = ConstructionEvent.h; path = ../main/debug/ConstructionEvent.h; sourceTree = SOURCE_ROOT; };
		1A7506A812EE949600181A5A /* ConstructionEvent.m */ = {isa = PBXFileReference; fileEncoding = 4; lastKnownFileType = sourcecode.c.objc; name = ConstructionEvent.m; path = ../main/debug/ConstructionEvent.m; sourceTree = SOURCE_ROOT; };
		1A7506A912EE949600181A5A /* DebugST.h */ = {isa = PBXFileReference; fileEncoding = 4; lastKnownFileType = sourcecode.c.h; name = DebugST.h; path = ../main/debug/DebugST.h; sourceTree = SOURCE_ROOT; };
		1A7506AA12EE949600181A5A /* DebugST.m */ = {isa = PBXFileReference; fileEncoding = 4; lastKnownFileType = sourcecode.c.objc; name = DebugST.m; path = ../main/debug/DebugST.m; sourceTree = SOURCE_ROOT; };
		1A7506AB12EE949600181A5A /* EvalExprEvent.h */ = {isa = PBXFileReference; fileEncoding = 4; lastKnownFileType = sourcecode.c.h; name = EvalExprEvent.h; path = ../main/debug/EvalExprEvent.h; sourceTree = SOURCE_ROOT; };
		1A7506AC12EE949600181A5A /* EvalExprEvent.m */ = {isa = PBXFileReference; fileEncoding = 4; lastKnownFileType = sourcecode.c.objc; name = EvalExprEvent.m; path = ../main/debug/EvalExprEvent.m; sourceTree = SOURCE_ROOT; };
		1A7506AD12EE949600181A5A /* EvalTemplateEvent.h */ = {isa = PBXFileReference; fileEncoding = 4; lastKnownFileType = sourcecode.c.h; name = EvalTemplateEvent.h; path = ../main/debug/EvalTemplateEvent.h; sourceTree = SOURCE_ROOT; };
		1A7506AE12EE949600181A5A /* EvalTemplateEvent.m */ = {isa = PBXFileReference; fileEncoding = 4; lastKnownFileType = sourcecode.c.objc; name = EvalTemplateEvent.m; path = ../main/debug/EvalTemplateEvent.m; sourceTree = SOURCE_ROOT; };
		1A7506AF12EE949600181A5A /* InterpEvent.h */ = {isa = PBXFileReference; fileEncoding = 4; lastKnownFileType = sourcecode.c.h; name = InterpEvent.h; path = ../main/debug/InterpEvent.h; sourceTree = SOURCE_ROOT; };
		1A7506B012EE949600181A5A /* InterpEvent.m */ = {isa = PBXFileReference; fileEncoding = 4; lastKnownFileType = sourcecode.c.objc; name = InterpEvent.m; path = ../main/debug/InterpEvent.m; sourceTree = SOURCE_ROOT; };
		1A7506BD12EE94A900181A5A /* JTreeASTModel.h */ = {isa = PBXFileReference; fileEncoding = 4; lastKnownFileType = sourcecode.c.h; name = JTreeASTModel.h; path = ../main/gui/JTreeASTModel.h; sourceTree = SOURCE_ROOT; };
		1A7506BE12EE94A900181A5A /* JTreeASTModel.m */ = {isa = PBXFileReference; fileEncoding = 4; lastKnownFileType = sourcecode.c.objc; name = JTreeASTModel.m; path = ../main/gui/JTreeASTModel.m; sourceTree = SOURCE_ROOT; };
		1A7506BF12EE94A900181A5A /* JTreeSTModel.h */ = {isa = PBXFileReference; fileEncoding = 4; lastKnownFileType = sourcecode.c.h; name = JTreeSTModel.h; path = ../main/gui/JTreeSTModel.h; sourceTree = SOURCE_ROOT; };
		1A7506C012EE94A900181A5A /* JTreeSTModel.m */ = {isa = PBXFileReference; fileEncoding = 4; lastKnownFileType = sourcecode.c.objc; name = JTreeSTModel.m; path = ../main/gui/JTreeSTModel.m; sourceTree = SOURCE_ROOT; };
		1A7506C112EE94A900181A5A /* STViewFrame.h */ = {isa = PBXFileReference; fileEncoding = 4; lastKnownFileType = sourcecode.c.h; name = STViewFrame.h; path = ../main/gui/STViewFrame.h; sourceTree = SOURCE_ROOT; };
		1A7506C212EE94A900181A5A /* STViewFrame.m */ = {isa = PBXFileReference; fileEncoding = 4; lastKnownFileType = sourcecode.c.objc; name = STViewFrame.m; path = ../main/gui/STViewFrame.m; sourceTree = SOURCE_ROOT; };
		1A7506C312EE94A900181A5A /* STViz.h */ = {isa = PBXFileReference; fileEncoding = 4; lastKnownFileType = sourcecode.c.h; name = STViz.h; path = ../main/gui/STViz.h; sourceTree = SOURCE_ROOT; };
		1A7506C412EE94A900181A5A /* STViz.m */ = {isa = PBXFileReference; fileEncoding = 4; lastKnownFileType = sourcecode.c.objc; name = STViz.m; path = ../main/gui/STViz.m; sourceTree = SOURCE_ROOT; };
		1A7506CD12EE94BC00181A5A /* ArrayIterator.h */ = {isa = PBXFileReference; fileEncoding = 4; lastKnownFileType = sourcecode.c.h; name = ArrayIterator.h; path = ../main/misc/ArrayIterator.h; sourceTree = SOURCE_ROOT; };
		1A7506CE12EE94BC00181A5A /* ArrayIterator.m */ = {isa = PBXFileReference; fileEncoding = 4; lastKnownFileType = sourcecode.c.objc; name = ArrayIterator.m; path = ../main/misc/ArrayIterator.m; sourceTree = SOURCE_ROOT; };
		1A7506CF12EE94BC00181A5A /* Coordinate.h */ = {isa = PBXFileReference; fileEncoding = 4; lastKnownFileType = sourcecode.c.h; name = Coordinate.h; path = ../main/misc/Coordinate.h; sourceTree = SOURCE_ROOT; };
		1A7506D012EE94BC00181A5A /* Coordinate.m */ = {isa = PBXFileReference; fileEncoding = 4; lastKnownFileType = sourcecode.c.objc; name = Coordinate.m; path = ../main/misc/Coordinate.m; sourceTree = SOURCE_ROOT; };
		1A7506D112EE94BC00181A5A /* ErrorBuffer.h */ = {isa = PBXFileReference; fileEncoding = 4; lastKnownFileType = sourcecode.c.h; name = ErrorBuffer.h; path = ../main/misc/ErrorBuffer.h; sourceTree = SOURCE_ROOT; };
		1A7506D212EE94BC00181A5A /* ErrorBuffer.m */ = {isa = PBXFileReference; fileEncoding = 4; lastKnownFileType = sourcecode.c.objc; name = ErrorBuffer.m; path = ../main/misc/ErrorBuffer.m; sourceTree = SOURCE_ROOT; };
		1A7506D312EE94BC00181A5A /* ErrorManager.h */ = {isa = PBXFileReference; fileEncoding = 4; lastKnownFileType = sourcecode.c.h; name = ErrorManager.h; path = ../main/misc/ErrorManager.h; sourceTree = SOURCE_ROOT; };
		1A7506D412EE94BC00181A5A /* ErrorManager.m */ = {isa = PBXFileReference; fileEncoding = 4; lastKnownFileType = sourcecode.c.objc; name = ErrorManager.m; path = ../main/misc/ErrorManager.m; sourceTree = SOURCE_ROOT; };
		1A7506D512EE94BC00181A5A /* ErrorType.h */ = {isa = PBXFileReference; fileEncoding = 4; lastKnownFileType = sourcecode.c.h; name = ErrorType.h; path = ../main/misc/ErrorType.h; sourceTree = SOURCE_ROOT; };
		1A7506D612EE94BC00181A5A /* ErrorType.m */ = {isa = PBXFileReference; fileEncoding = 4; lastKnownFileType = sourcecode.c.objc; name = ErrorType.m; path = ../main/misc/ErrorType.m; sourceTree = SOURCE_ROOT; };
		1A7506D712EE94BC00181A5A /* Interval.h */ = {isa = PBXFileReference; fileEncoding = 4; lastKnownFileType = sourcecode.c.h; name = Interval.h; path = ../main/misc/Interval.h; sourceTree = SOURCE_ROOT; };
		1A7506D812EE94BC00181A5A /* Interval.m */ = {isa = PBXFileReference; fileEncoding = 4; lastKnownFileType = sourcecode.c.objc; name = Interval.m; path = ../main/misc/Interval.m; sourceTree = SOURCE_ROOT; };
		1A7506D912EE94BC00181A5A /* MapModelAdaptor.h */ = {isa = PBXFileReference; fileEncoding = 4; lastKnownFileType = sourcecode.c.h; name = MapModelAdaptor.h; path = ../main/misc/MapModelAdaptor.h; sourceTree = SOURCE_ROOT; };
		1A7506DA12EE94BC00181A5A /* MapModelAdaptor.m */ = {isa = PBXFileReference; fileEncoding = 4; lastKnownFileType = sourcecode.c.objc; name = MapModelAdaptor.m; path = ../main/misc/MapModelAdaptor.m; sourceTree = SOURCE_ROOT; };
		1A7506DB12EE94BC00181A5A /* Misc.h */ = {isa = PBXFileReference; fileEncoding = 4; lastKnownFileType = sourcecode.c.h; name = Misc.h; path = ../main/misc/Misc.h; sourceTree = SOURCE_ROOT; };
		1A7506DC12EE94BC00181A5A /* Misc.m */ = {isa = PBXFileReference; fileEncoding = 4; lastKnownFileType = sourcecode.c.objc; name = Misc.m; path = ../main/misc/Misc.m; sourceTree = SOURCE_ROOT; };
		1A7506DD12EE94BC00181A5A /* MultiMap.h */ = {isa = PBXFileReference; fileEncoding = 4; lastKnownFileType = sourcecode.c.h; name = MultiMap.h; path = ../main/misc/MultiMap.h; sourceTree = SOURCE_ROOT; };
		1A7506DE12EE94BC00181A5A /* MultiMap.m */ = {isa = PBXFileReference; fileEncoding = 4; lastKnownFileType = sourcecode.c.objc; name = MultiMap.m; path = ../main/misc/MultiMap.m; sourceTree = SOURCE_ROOT; };
		1A7506DF12EE94BC00181A5A /* ObjectModelAdaptor.h */ = {isa = PBXFileReference; fileEncoding = 4; lastKnownFileType = sourcecode.c.h; name = ObjectModelAdaptor.h; path = ../main/misc/ObjectModelAdaptor.h; sourceTree = SOURCE_ROOT; };
		1A7506E012EE94BC00181A5A /* ObjectModelAdaptor.m */ = {isa = PBXFileReference; fileEncoding = 4; lastKnownFileType = sourcecode.c.objc; name = ObjectModelAdaptor.m; path = ../main/misc/ObjectModelAdaptor.m; sourceTree = SOURCE_ROOT; };
		1A7506E112EE94BC00181A5A /* STCompiletimeMessage.h */ = {isa = PBXFileReference; fileEncoding = 4; lastKnownFileType = sourcecode.c.h; name = STCompiletimeMessage.h; path = ../main/misc/STCompiletimeMessage.h; sourceTree = SOURCE_ROOT; };
		1A7506E212EE94BC00181A5A /* STCompiletimeMessage.m */ = {isa = PBXFileReference; fileEncoding = 4; lastKnownFileType = sourcecode.c.objc; name = STCompiletimeMessage.m; path = ../main/misc/STCompiletimeMessage.m; sourceTree = SOURCE_ROOT; };
		1A7506E312EE94BC00181A5A /* STDump.h */ = {isa = PBXFileReference; fileEncoding = 4; lastKnownFileType = sourcecode.c.h; name = STDump.h; path = ../main/misc/STDump.h; sourceTree = SOURCE_ROOT; };
		1A7506E412EE94BC00181A5A /* STDump.m */ = {isa = PBXFileReference; fileEncoding = 4; lastKnownFileType = sourcecode.c.objc; name = STDump.m; path = ../main/misc/STDump.m; sourceTree = SOURCE_ROOT; };
		1A7506E512EE94BC00181A5A /* STGroupCompiletimeMessage.h */ = {isa = PBXFileReference; fileEncoding = 4; lastKnownFileType = sourcecode.c.h; name = STGroupCompiletimeMessage.h; path = ../main/misc/STGroupCompiletimeMessage.h; sourceTree = SOURCE_ROOT; };
		1A7506E612EE94BC00181A5A /* STGroupCompiletimeMessage.m */ = {isa = PBXFileReference; fileEncoding = 4; lastKnownFileType = sourcecode.c.objc; name = STGroupCompiletimeMessage.m; path = ../main/misc/STGroupCompiletimeMessage.m; sourceTree = SOURCE_ROOT; };
		1A7506E712EE94BC00181A5A /* STLexerMessage.h */ = {isa = PBXFileReference; fileEncoding = 4; lastKnownFileType = sourcecode.c.h; name = STLexerMessage.h; path = ../main/misc/STLexerMessage.h; sourceTree = SOURCE_ROOT; };
		1A7506E812EE94BC00181A5A /* STLexerMessage.m */ = {isa = PBXFileReference; fileEncoding = 4; lastKnownFileType = sourcecode.c.objc; name = STLexerMessage.m; path = ../main/misc/STLexerMessage.m; sourceTree = SOURCE_ROOT; };
		1A7506E912EE94BC00181A5A /* STMessage.h */ = {isa = PBXFileReference; fileEncoding = 4; lastKnownFileType = sourcecode.c.h; name = STMessage.h; path = ../main/misc/STMessage.h; sourceTree = SOURCE_ROOT; };
		1A7506EA12EE94BC00181A5A /* STMessage.m */ = {isa = PBXFileReference; fileEncoding = 4; lastKnownFileType = sourcecode.c.objc; name = STMessage.m; path = ../main/misc/STMessage.m; sourceTree = SOURCE_ROOT; };
		1A7506EB12EE94BC00181A5A /* STModelAdaptor.h */ = {isa = PBXFileReference; fileEncoding = 4; lastKnownFileType = sourcecode.c.h; name = STModelAdaptor.h; path = ../main/misc/STModelAdaptor.h; sourceTree = SOURCE_ROOT; };
		1A7506EC12EE94BC00181A5A /* STModelAdaptor.m */ = {isa = PBXFileReference; fileEncoding = 4; lastKnownFileType = sourcecode.c.objc; name = STModelAdaptor.m; path = ../main/misc/STModelAdaptor.m; sourceTree = SOURCE_ROOT; };
		1A7506EF12EE94BC00181A5A /* STRuntimeMessage.h */ = {isa = PBXFileReference; fileEncoding = 4; lastKnownFileType = sourcecode.c.h; name = STRuntimeMessage.h; path = ../main/misc/STRuntimeMessage.h; sourceTree = SOURCE_ROOT; };
		1A7506F012EE94BC00181A5A /* STRuntimeMessage.m */ = {isa = PBXFileReference; fileEncoding = 4; lastKnownFileType = sourcecode.c.objc; name = STRuntimeMessage.m; path = ../main/misc/STRuntimeMessage.m; sourceTree = SOURCE_ROOT; };
		1ACF4A1312EF7FE5004A7233 /* ANTLR.framework */ = {isa = PBXFileReference; lastKnownFileType = wrapper.framework; name = ANTLR.framework; path = /Library/Frameworks/ANTLR.framework; sourceTree = "<absolute>"; };
		1AE408D112F71CE100CE1D62 /* MemBuffer.h */ = {isa = PBXFileReference; fileEncoding = 4; lastKnownFileType = sourcecode.c.h; name = MemBuffer.h; path = compiler/MemBuffer.h; sourceTree = "<group>"; };
		1AE408D212F71CE100CE1D62 /* MemBuffer.m */ = {isa = PBXFileReference; fileEncoding = 4; lastKnownFileType = sourcecode.c.objc; name = MemBuffer.m; path = compiler/MemBuffer.m; sourceTree = "<group>"; };
		1AF71DBB12F4767D0074A82A /* PrintWriter.h */ = {isa = PBXFileReference; fileEncoding = 4; lastKnownFileType = sourcecode.c.h; name = PrintWriter.h; path = ../main/misc/PrintWriter.h; sourceTree = "<group>"; };
		1AF71DBC12F4767D0074A82A /* PrintWriter.m */ = {isa = PBXFileReference; fileEncoding = 4; lastKnownFileType = sourcecode.c.objc; name = PrintWriter.m; path = ../main/misc/PrintWriter.m; sourceTree = "<group>"; };
		32DBCF5E0370ADEE00C91783 /* ST4_Prefix.pch */ = {isa = PBXFileReference; fileEncoding = 4; lastKnownFileType = sourcecode.c.h; path = ST4_Prefix.pch; sourceTree = "<group>"; };
		8DC2EF5A0486A6940098B216 /* Info.plist */ = {isa = PBXFileReference; fileEncoding = 4; lastKnownFileType = text.plist; path = Info.plist; sourceTree = "<group>"; };
		8DC2EF5B0486A6940098B216 /* ST4.framework */ = {isa = PBXFileReference; explicitFileType = wrapper.framework; includeInIndex = 0; path = ST4.framework; sourceTree = BUILT_PRODUCTS_DIR; };
		D2F7E79907B2D74100F64583 /* CoreData.framework */ = {isa = PBXFileReference; lastKnownFileType = wrapper.framework; name = CoreData.framework; path = /System/Library/Frameworks/CoreData.framework; sourceTree = "<absolute>"; };
/* End PBXFileReference section */

/* Begin PBXFrameworksBuildPhase section */
		1A2329A512F51185006C6627 /* Frameworks */ = {
			isa = PBXFrameworksBuildPhase;
			buildActionMask = 2147483647;
			files = (
				1A2329E612F5131E006C6627 /* SenTestingKit.framework in Frameworks */,
				1A444BC912F5405900C78018 /* ST4.framework in Frameworks */,
			);
			runOnlyForDeploymentPostprocessing = 0;
		};
		8DC2EF560486A6940098B216 /* Frameworks */ = {
			isa = PBXFrameworksBuildPhase;
			buildActionMask = 2147483647;
			files = (
				1A2B61B61316CD4A0091DA6E /* ANTLR.framework in Frameworks */,
				1A2B61B81316CD4A0091DA6E /* Cocoa.framework in Frameworks */,
				1A2B61C11316CEB50091DA6E /* Foundation.framework in Frameworks */,
				1A2B62A21316CF0D0091DA6E /* CoreFoundation.framework in Frameworks */,
				1A2B62AA1316CFD70091DA6E /* libobjc.A.dylib in Frameworks */,
			);
			runOnlyForDeploymentPostprocessing = 0;
		};
/* End PBXFrameworksBuildPhase section */

/* Begin PBXGroup section */
		034768DFFF38A50411DB9C8B /* Products */ = {
			isa = PBXGroup;
			children = (
				8DC2EF5B0486A6940098B216 /* ST4.framework */,
				1A2329A812F51185006C6627 /* TestMisc.octest */,
			);
			name = Products;
			sourceTree = "<group>";
		};
		0867D691FE84028FC02AAC07 /* ST4 */ = {
			isa = PBXGroup;
			children = (
				08FB77AEFE84172EC02AAC07 /* Classes */,
				32C88DFF0371C24200C91783 /* Other Sources */,
				089C1665FE841158C02AAC07 /* Resources */,
				1A1F644E12F4DA65008C8725 /* Tests */,
				0867D69AFE84028FC02AAC07 /* External Frameworks and Libraries */,
				034768DFFF38A50411DB9C8B /* Products */,
				1A1F645E12F4DD6D008C8725 /* TestCoord-Info.plist */,
				1A2329A912F51185006C6627 /* TestMisc-Info.plist */,
				1A2B61B71316CD4A0091DA6E /* Cocoa.framework */,
				1A2B61C01316CEB50091DA6E /* Foundation.framework */,
				1A2B62A11316CF0D0091DA6E /* CoreFoundation.framework */,
				1A2B62A91316CFD70091DA6E /* libobjc.A.dylib */,
			);
			name = ST4;
			sourceTree = "<group>";
		};
		0867D69AFE84028FC02AAC07 /* External Frameworks and Libraries */ = {
			isa = PBXGroup;
			children = (
				1058C7B0FEA5585E11CA2CBB /* Linked Frameworks */,
				1058C7B2FEA5585E11CA2CBB /* Other Frameworks */,
			);
			name = "External Frameworks and Libraries";
			sourceTree = "<group>";
		};
		089C1665FE841158C02AAC07 /* Resources */ = {
			isa = PBXGroup;
			children = (
				8DC2EF5A0486A6940098B216 /* Info.plist */,
				089C1666FE841158C02AAC07 /* InfoPlist.strings */,
			);
			name = Resources;
			sourceTree = "<group>";
		};
		08FB77AEFE84172EC02AAC07 /* Classes */ = {
			isa = PBXGroup;
			children = (
				1A75067412EE942D00181A5A /* compiler */,
				1A75067512EE943900181A5A /* debug */,
				1A75067C12EE945400181A5A /* gui */,
				1A75067612EE944100181A5A /* misc */,
				1A75064412EE941A00181A5A /* AttributeRenderer.h */,
				1A75064512EE941A00181A5A /* AutoIndentWriter.h */,
				1A75064612EE941A00181A5A /* AutoIndentWriter.m */,
				1A75064712EE941A00181A5A /* DateRenderer.h */,
				1A75064812EE941A00181A5A /* DateRenderer.m */,
				1A75064912EE941A00181A5A /* Interpreter.h */,
				1A75064A12EE941A00181A5A /* Interpreter.m */,
				1A75064B12EE941A00181A5A /* ModelAdaptor.h */,
				1A75064C12EE941A00181A5A /* NoIndentWriter.h */,
				1A75064D12EE941A00181A5A /* NoIndentWriter.m */,
				1A75064E12EE941A00181A5A /* NumberRenderer.h */,
				1A75064F12EE941A00181A5A /* NumberRenderer.m */,
				1A75065012EE941A00181A5A /* ST.h */,
				1A75065112EE941A00181A5A /* ST.m */,
				1A75065212EE941A00181A5A /* STErrorListener.h */,
				1A75065312EE941A00181A5A /* STGroup.h */,
				1A75065412EE941A00181A5A /* STGroup.m */,
				1A75065512EE941A00181A5A /* STGroupDir.h */,
				1A75065612EE941A00181A5A /* STGroupDir.m */,
				1A75065712EE941A00181A5A /* STGroupFile.h */,
				1A75065812EE941A00181A5A /* STGroupFile.m */,
				1A75065912EE941A00181A5A /* StringRenderer.h */,
				1A75065A12EE941A00181A5A /* StringRenderer.m */,
				1A75065B12EE941A00181A5A /* STWriter.h */,
			);
			name = Classes;
			sourceTree = "<group>";
		};
		1058C7B0FEA5585E11CA2CBB /* Linked Frameworks */ = {
			isa = PBXGroup;
			children = (
				1ACF4A1312EF7FE5004A7233 /* ANTLR.framework */,
			);
			name = "Linked Frameworks";
			sourceTree = "<group>";
		};
		1058C7B2FEA5585E11CA2CBB /* Other Frameworks */ = {
			isa = PBXGroup;
			children = (
				0867D6A5FE840307C02AAC07 /* AppKit.framework */,
				1058C7B1FEA5585E11CA2CBB /* Cocoa.framework */,
				D2F7E79907B2D74100F64583 /* CoreData.framework */,
				0867D69BFE84028FC02AAC07 /* Foundation.framework */,
				1A2329E512F5131E006C6627 /* SenTestingKit.framework */,
			);
			name = "Other Frameworks";
			sourceTree = "<group>";
		};
		1A1F644E12F4DA65008C8725 /* Tests */ = {
			isa = PBXGroup;
			children = (
				1A1F645012F4DA85008C8725 /* compiler */,
				1A1F645112F4DA92008C8725 /* debug */,
				1A1F645312F4DAC7008C8725 /* gui */,
				1A1F644F12F4DA74008C8725 /* main */,
				1A1F645212F4DA9D008C8725 /* misc */,
			);
			name = Tests;
			sourceTree = "<group>";
		};
		1A1F644F12F4DA74008C8725 /* main */ = {
			isa = PBXGroup;
			children = (
			);
			name = main;
			sourceTree = "<group>";
		};
		1A1F645012F4DA85008C8725 /* compiler */ = {
			isa = PBXGroup;
			children = (
			);
			name = compiler;
			sourceTree = "<group>";
		};
		1A1F645112F4DA92008C8725 /* debug */ = {
			isa = PBXGroup;
			children = (
			);
			name = debug;
			sourceTree = "<group>";
		};
		1A1F645212F4DA9D008C8725 /* misc */ = {
			isa = PBXGroup;
			children = (
				1A1F645412F4DB51008C8725 /* TestMisc.h */,
				1A1F645512F4DB51008C8725 /* TestMisc.m */,
			);
			name = misc;
			sourceTree = "<group>";
		};
		1A1F645312F4DAC7008C8725 /* gui */ = {
			isa = PBXGroup;
			children = (
			);
			name = gui;
			sourceTree = "<group>";
		};
		1A75067412EE942D00181A5A /* compiler */ = {
			isa = PBXGroup;
			children = (
				1A75067D12EE947900181A5A /* Bytecode.h */,
				1A75067E12EE947900181A5A /* Bytecode.m */,
				1A75067F12EE947900181A5A /* BytecodeDisassembler.h */,
				1A75068012EE947900181A5A /* BytecodeDisassembler.m */,
				1A6FC80F12FB4F1B003636A2 /* CodeGenerator.g */,
				1A6FC81012FB4F1B003636A2 /* CodeGenerator.h */,
				1A6FC81112FB4F1B003636A2 /* CodeGenerator.m */,
				1A75068112EE947900181A5A /* CompilationState.h */,
				1A75068212EE947900181A5A /* CompilationState.m */,
				1A75068312EE947900181A5A /* CompiledST.h */,
				1A75068412EE947900181A5A /* CompiledST.m */,
				1A75068512EE947900181A5A /* Compiler.h */,
				1A75068612EE947900181A5A /* Compiler.m */,
				1A75068712EE947900181A5A /* FormalArgument.h */,
				1A75068812EE947900181A5A /* FormalArgument.m */,
				1A6FC81212FB4F1B003636A2 /* Group.g */,
				1A6FC81312FB4F1B003636A2 /* GroupLexer.h */,
				1A6FC81412FB4F1B003636A2 /* GroupLexer.m */,
				1A6FC81512FB4F1B003636A2 /* GroupParser.h */,
				1A6FC81612FB4F1B003636A2 /* GroupParser.m */,
				1AE408D112F71CE100CE1D62 /* MemBuffer.h */,
				1AE408D212F71CE100CE1D62 /* MemBuffer.m */,
				1A75068912EE947900181A5A /* STException.h */,
				1A75068A12EE947900181A5A /* STException.m */,
				1A75068B12EE947900181A5A /* STLexer.h */,
				1A75068C12EE947900181A5A /* STLexer.m */,
				1A6FC81712FB4F1B003636A2 /* STLexer.tokens */,
				1A6FC81812FB4F1B003636A2 /* STParser.g */,
				1A6FC81912FB4F1B003636A2 /* STParser.h */,
				1A6FC81A12FB4F1B003636A2 /* STParser.m */,
				1A75068D12EE947900181A5A /* StringTable.h */,
				1A75068E12EE947900181A5A /* StringTable.m */,
				1A75068F12EE947900181A5A /* TestNewStuff.h */,
				1A75069012EE947900181A5A /* TestNewStuff.m */,
			);
			name = compiler;
			sourceTree = "<group>";
		};
		1A75067512EE943900181A5A /* debug */ = {
			isa = PBXGroup;
			children = (
				1A7506A512EE949600181A5A /* AddAttributeEvent.h */,
				1A7506A612EE949600181A5A /* AddAttributeEvent.m */,
				1A7506A712EE949600181A5A /* ConstructionEvent.h */,
				1A7506A812EE949600181A5A /* ConstructionEvent.m */,
				1A7506A912EE949600181A5A /* DebugST.h */,
				1A7506AA12EE949600181A5A /* DebugST.m */,
				1A7506AB12EE949600181A5A /* EvalExprEvent.h */,
				1A7506AC12EE949600181A5A /* EvalExprEvent.m */,
				1A7506AD12EE949600181A5A /* EvalTemplateEvent.h */,
				1A7506AE12EE949600181A5A /* EvalTemplateEvent.m */,
				1A7506AF12EE949600181A5A /* InterpEvent.h */,
				1A7506B012EE949600181A5A /* InterpEvent.m */,
			);
			name = debug;
			sourceTree = "<group>";
		};
		1A75067612EE944100181A5A /* misc */ = {
			isa = PBXGroup;
			children = (
				1A7506CD12EE94BC00181A5A /* ArrayIterator.h */,
				1A7506CE12EE94BC00181A5A /* ArrayIterator.m */,
				1A7506CF12EE94BC00181A5A /* Coordinate.h */,
				1A7506D012EE94BC00181A5A /* Coordinate.m */,
				1A7506D112EE94BC00181A5A /* ErrorBuffer.h */,
				1A7506D212EE94BC00181A5A /* ErrorBuffer.m */,
				1A7506D312EE94BC00181A5A /* ErrorManager.h */,
				1A7506D412EE94BC00181A5A /* ErrorManager.m */,
				1A7506D512EE94BC00181A5A /* ErrorType.h */,
				1A7506D612EE94BC00181A5A /* ErrorType.m */,
				1A7506D712EE94BC00181A5A /* Interval.h */,
				1A7506D812EE94BC00181A5A /* Interval.m */,
				1A7506D912EE94BC00181A5A /* MapModelAdaptor.h */,
				1A7506DA12EE94BC00181A5A /* MapModelAdaptor.m */,
				1A7506DB12EE94BC00181A5A /* Misc.h */,
				1A7506DC12EE94BC00181A5A /* Misc.m */,
				1A7506DD12EE94BC00181A5A /* MultiMap.h */,
				1A7506DE12EE94BC00181A5A /* MultiMap.m */,
				1A7506DF12EE94BC00181A5A /* ObjectModelAdaptor.h */,
				1A7506E012EE94BC00181A5A /* ObjectModelAdaptor.m */,
				1AF71DBB12F4767D0074A82A /* PrintWriter.h */,
				1AF71DBC12F4767D0074A82A /* PrintWriter.m */,
				1A7506E112EE94BC00181A5A /* STCompiletimeMessage.h */,
				1A7506E212EE94BC00181A5A /* STCompiletimeMessage.m */,
				1A7506E312EE94BC00181A5A /* STDump.h */,
				1A7506E412EE94BC00181A5A /* STDump.m */,
				1A7506E512EE94BC00181A5A /* STGroupCompiletimeMessage.h */,
				1A7506E612EE94BC00181A5A /* STGroupCompiletimeMessage.m */,
				1A7506E712EE94BC00181A5A /* STLexerMessage.h */,
				1A7506E812EE94BC00181A5A /* STLexerMessage.m */,
				1A7506E912EE94BC00181A5A /* STMessage.h */,
				1A7506EA12EE94BC00181A5A /* STMessage.m */,
				1A7506EB12EE94BC00181A5A /* STModelAdaptor.h */,
				1A7506EC12EE94BC00181A5A /* STModelAdaptor.m */,
				1A45F9FA12F12A4300C8677A /* StringWriter.h */,
				1A45F9FB12F12A4300C8677A /* StringWriter.m */,
				1A7506EF12EE94BC00181A5A /* STRuntimeMessage.h */,
				1A7506F012EE94BC00181A5A /* STRuntimeMessage.m */,
				1A45F9DD12F1275F00C8677A /* Writer.h */,
				1A45F9DE12F1275F00C8677A /* Writer.m */,
			);
			name = misc;
			sourceTree = "<group>";
		};
		1A75067C12EE945400181A5A /* gui */ = {
			isa = PBXGroup;
			children = (
				1A7506BD12EE94A900181A5A /* JTreeASTModel.h */,
				1A7506BE12EE94A900181A5A /* JTreeASTModel.m */,
				1A7506BF12EE94A900181A5A /* JTreeSTModel.h */,
				1A7506C012EE94A900181A5A /* JTreeSTModel.m */,
				1A7506C112EE94A900181A5A /* STViewFrame.h */,
				1A7506C212EE94A900181A5A /* STViewFrame.m */,
				1A7506C312EE94A900181A5A /* STViz.h */,
				1A7506C412EE94A900181A5A /* STViz.m */,
			);
			name = gui;
			sourceTree = "<group>";
		};
		32C88DFF0371C24200C91783 /* Other Sources */ = {
			isa = PBXGroup;
			children = (
				32DBCF5E0370ADEE00C91783 /* ST4_Prefix.pch */,
			);
			name = "Other Sources";
			sourceTree = "<group>";
		};
/* End PBXGroup section */

/* Begin PBXHeadersBuildPhase section */
		8DC2EF500486A6940098B216 /* Headers */ = {
			isa = PBXHeadersBuildPhase;
			buildActionMask = 2147483647;
			files = (
				1A75065C12EE941A00181A5A /* AttributeRenderer.h in Headers */,
				1A75065D12EE941A00181A5A /* AutoIndentWriter.h in Headers */,
				1A75065F12EE941A00181A5A /* DateRenderer.h in Headers */,
				1A75066112EE941A00181A5A /* Interpreter.h in Headers */,
				1A75066312EE941A00181A5A /* ModelAdaptor.h in Headers */,
				1A75066412EE941A00181A5A /* NoIndentWriter.h in Headers */,
				1A75066612EE941A00181A5A /* NumberRenderer.h in Headers */,
				1A75066812EE941A00181A5A /* ST.h in Headers */,
				1A75066A12EE941A00181A5A /* STErrorListener.h in Headers */,
				1A75066B12EE941A00181A5A /* STGroup.h in Headers */,
				1A75066D12EE941A00181A5A /* STGroupDir.h in Headers */,
				1A75066F12EE941A00181A5A /* STGroupFile.h in Headers */,
				1A75067112EE941A00181A5A /* StringRenderer.h in Headers */,
				1A75067312EE941A00181A5A /* STWriter.h in Headers */,
				1A75069112EE947900181A5A /* Bytecode.h in Headers */,
				1A75069312EE947900181A5A /* BytecodeDisassembler.h in Headers */,
				1A75069512EE947900181A5A /* CompilationState.h in Headers */,
				1A75069712EE947900181A5A /* CompiledST.h in Headers */,
				1A75069912EE947900181A5A /* Compiler.h in Headers */,
				1A75069B12EE947900181A5A /* FormalArgument.h in Headers */,
				1A75069D12EE947900181A5A /* STException.h in Headers */,
				1A75069F12EE947900181A5A /* STLexer.h in Headers */,
				1A7506A112EE947900181A5A /* StringTable.h in Headers */,
				1A7506B112EE949600181A5A /* AddAttributeEvent.h in Headers */,
				1A7506B312EE949600181A5A /* ConstructionEvent.h in Headers */,
				1A7506B512EE949600181A5A /* DebugST.h in Headers */,
				1A7506B712EE949600181A5A /* EvalExprEvent.h in Headers */,
				1A7506B912EE949600181A5A /* EvalTemplateEvent.h in Headers */,
				1A7506BB12EE949600181A5A /* InterpEvent.h in Headers */,
				1A7506F112EE94BC00181A5A /* ArrayIterator.h in Headers */,
				1A7506F312EE94BC00181A5A /* Coordinate.h in Headers */,
				1A7506F512EE94BC00181A5A /* ErrorBuffer.h in Headers */,
				1A7506F712EE94BC00181A5A /* ErrorManager.h in Headers */,
				1A7506F912EE94BC00181A5A /* ErrorType.h in Headers */,
				1A7506FB12EE94BC00181A5A /* Interval.h in Headers */,
				1A7506FD12EE94BC00181A5A /* MapModelAdaptor.h in Headers */,
				1A7506FF12EE94BC00181A5A /* Misc.h in Headers */,
				1A75070112EE94BC00181A5A /* MultiMap.h in Headers */,
				1A75070312EE94BC00181A5A /* ObjectModelAdaptor.h in Headers */,
				1A75070512EE94BC00181A5A /* STCompiletimeMessage.h in Headers */,
				1A75070712EE94BC00181A5A /* STDump.h in Headers */,
				1A75070912EE94BC00181A5A /* STGroupCompiletimeMessage.h in Headers */,
				1A75070B12EE94BC00181A5A /* STLexerMessage.h in Headers */,
				1A75070D12EE94BC00181A5A /* STMessage.h in Headers */,
				1A75070F12EE94BC00181A5A /* STModelAdaptor.h in Headers */,
				1A75071312EE94BC00181A5A /* STRuntimeMessage.h in Headers */,
				1A45F9DF12F1275F00C8677A /* Writer.h in Headers */,
				1A45F9FC12F12A4300C8677A /* StringWriter.h in Headers */,
				1AF71DBD12F4767D0074A82A /* PrintWriter.h in Headers */,
				1AE408D312F71CE100CE1D62 /* MemBuffer.h in Headers */,
				1A6FC81C12FB4F1B003636A2 /* CodeGenerator.h in Headers */,
				1A6FC81F12FB4F1B003636A2 /* GroupLexer.h in Headers */,
				1A6FC82112FB4F1B003636A2 /* GroupParser.h in Headers */,
				1A6FC82512FB4F1B003636A2 /* STParser.h in Headers */,
			);
			runOnlyForDeploymentPostprocessing = 0;
		};
/* End PBXHeadersBuildPhase section */

/* Begin PBXNativeTarget section */
		1A2329A712F51185006C6627 /* TestMisc */ = {
			isa = PBXNativeTarget;
			buildConfigurationList = 1A2329AC12F51185006C6627 /* Build configuration list for PBXNativeTarget "TestMisc" */;
			buildPhases = (
				1A2329A312F51185006C6627 /* Resources */,
				1A2329A412F51185006C6627 /* Sources */,
				1A2329A512F51185006C6627 /* Frameworks */,
				1A2329A612F51185006C6627 /* ShellScript */,
			);
			buildRules = (
			);
			dependencies = (
			);
			name = TestMisc;
			productName = TestMisc;
			productReference = 1A2329A812F51185006C6627 /* TestMisc.octest */;
			productType = "com.apple.product-type.bundle";
		};
		8DC2EF4F0486A6940098B216 /* ST4 */ = {
			isa = PBXNativeTarget;
			buildConfigurationList = 1DEB91AD08733DA50010E9CD /* Build configuration list for PBXNativeTarget "ST4" */;
			buildPhases = (
				8DC2EF500486A6940098B216 /* Headers */,
				8DC2EF520486A6940098B216 /* Resources */,
				8DC2EF540486A6940098B216 /* Sources */,
				8DC2EF560486A6940098B216 /* Frameworks */,
			);
			buildRules = (
				1A871C17130CAEFD00B5F5A6 /* PBXBuildRule */,
			);
			dependencies = (
			);
			name = ST4;
			productInstallPath = "$(HOME)/Library/Frameworks";
			productName = ST4;
			productReference = 8DC2EF5B0486A6940098B216 /* ST4.framework */;
			productType = "com.apple.product-type.framework";
		};
/* End PBXNativeTarget section */

/* Begin PBXProject section */
		0867D690FE84028FC02AAC07 /* Project object */ = {
			isa = PBXProject;
			buildConfigurationList = 1DEB91B108733DA50010E9CD /* Build configuration list for PBXProject "a_ST4" */;
			compatibilityVersion = "Xcode 3.2";
			developmentRegion = English;
			hasScannedForEncodings = 1;
			knownRegions = (
				English,
				Japanese,
				French,
				German,
			);
			mainGroup = 0867D691FE84028FC02AAC07 /* ST4 */;
			productRefGroup = 034768DFFF38A50411DB9C8B /* Products */;
			projectDirPath = "";
			projectRoot = "";
			targets = (
				8DC2EF4F0486A6940098B216 /* ST4 */,
				1A2329A712F51185006C6627 /* TestMisc */,
			);
		};
/* End PBXProject section */

/* Begin PBXResourcesBuildPhase section */
		1A2329A312F51185006C6627 /* Resources */ = {
			isa = PBXResourcesBuildPhase;
			buildActionMask = 2147483647;
			files = (
			);
			runOnlyForDeploymentPostprocessing = 0;
		};
		8DC2EF520486A6940098B216 /* Resources */ = {
			isa = PBXResourcesBuildPhase;
			buildActionMask = 2147483647;
			files = (
				8DC2EF530486A6940098B216 /* InfoPlist.strings in Resources */,
				1A6FC81B12FB4F1B003636A2 /* CodeGenerator.g in Resources */,
				1A6FC81E12FB4F1B003636A2 /* Group.g in Resources */,
				1A6FC82312FB4F1B003636A2 /* STLexer.tokens in Resources */,
				1A6FC82412FB4F1B003636A2 /* STParser.g in Resources */,
			);
			runOnlyForDeploymentPostprocessing = 0;
		};
/* End PBXResourcesBuildPhase section */

/* Begin PBXShellScriptBuildPhase section */
		1A2329A612F51185006C6627 /* ShellScript */ = {
			isa = PBXShellScriptBuildPhase;
			buildActionMask = 2147483647;
			files = (
			);
			inputPaths = (
			);
			outputPaths = (
			);
			runOnlyForDeploymentPostprocessing = 0;
			shellPath = /bin/sh;
			shellScript = "# Run the unit tests in this test bundle.\n\"${SYSTEM_DEVELOPER_DIR}/Tools/RunUnitTests\"\n";
		};
/* End PBXShellScriptBuildPhase section */

/* Begin PBXSourcesBuildPhase section */
		1A2329A412F51185006C6627 /* Sources */ = {
			isa = PBXSourcesBuildPhase;
			buildActionMask = 2147483647;
			files = (
				1A2329AF12F5127D006C6627 /* TestMisc.m in Sources */,
				1A2329B012F5127D006C6627 /* Coordinate.m in Sources */,
				1A2329B112F5127D006C6627 /* Writer.m in Sources */,
			);
			runOnlyForDeploymentPostprocessing = 0;
		};
		8DC2EF540486A6940098B216 /* Sources */ = {
			isa = PBXSourcesBuildPhase;
			buildActionMask = 2147483647;
			files = (
				1A75065E12EE941A00181A5A /* AutoIndentWriter.m in Sources */,
				1A75066012EE941A00181A5A /* DateRenderer.m in Sources */,
				1A75066212EE941A00181A5A /* Interpreter.m in Sources */,
				1A75066512EE941A00181A5A /* NoIndentWriter.m in Sources */,
				1A75066712EE941A00181A5A /* NumberRenderer.m in Sources */,
				1A75066912EE941A00181A5A /* ST.m in Sources */,
				1A75066C12EE941A00181A5A /* STGroup.m in Sources */,
				1A75066E12EE941A00181A5A /* STGroupDir.m in Sources */,
				1A75067012EE941A00181A5A /* STGroupFile.m in Sources */,
				1A75067212EE941A00181A5A /* StringRenderer.m in Sources */,
				1A75069212EE947900181A5A /* Bytecode.m in Sources */,
				1A75069412EE947900181A5A /* BytecodeDisassembler.m in Sources */,
				1A75069612EE947900181A5A /* CompilationState.m in Sources */,
				1A75069812EE947900181A5A /* CompiledST.m in Sources */,
				1A75069A12EE947900181A5A /* Compiler.m in Sources */,
				1A75069C12EE947900181A5A /* FormalArgument.m in Sources */,
				1A75069E12EE947900181A5A /* STException.m in Sources */,
				1A7506A012EE947900181A5A /* STLexer.m in Sources */,
				1A7506A212EE947900181A5A /* StringTable.m in Sources */,
				1A7506B212EE949600181A5A /* AddAttributeEvent.m in Sources */,
				1A7506B412EE949600181A5A /* ConstructionEvent.m in Sources */,
				1A7506B612EE949600181A5A /* DebugST.m in Sources */,
				1A7506B812EE949600181A5A /* EvalExprEvent.m in Sources */,
				1A7506BA12EE949600181A5A /* EvalTemplateEvent.m in Sources */,
				1A7506BC12EE949600181A5A /* InterpEvent.m in Sources */,
				1A7506F212EE94BC00181A5A /* ArrayIterator.m in Sources */,
				1A7506F412EE94BC00181A5A /* Coordinate.m in Sources */,
				1A7506F612EE94BC00181A5A /* ErrorBuffer.m in Sources */,
				1A7506F812EE94BC00181A5A /* ErrorManager.m in Sources */,
				1A7506FA12EE94BC00181A5A /* ErrorType.m in Sources */,
				1A7506FC12EE94BC00181A5A /* Interval.m in Sources */,
				1A7506FE12EE94BC00181A5A /* MapModelAdaptor.m in Sources */,
				1A75070012EE94BC00181A5A /* Misc.m in Sources */,
				1A75070212EE94BC00181A5A /* MultiMap.m in Sources */,
				1A75070412EE94BC00181A5A /* ObjectModelAdaptor.m in Sources */,
				1A75070612EE94BC00181A5A /* STCompiletimeMessage.m in Sources */,
				1A75070812EE94BC00181A5A /* STDump.m in Sources */,
				1A75070A12EE94BC00181A5A /* STGroupCompiletimeMessage.m in Sources */,
				1A75070C12EE94BC00181A5A /* STLexerMessage.m in Sources */,
				1A75070E12EE94BC00181A5A /* STMessage.m in Sources */,
				1A75071012EE94BC00181A5A /* STModelAdaptor.m in Sources */,
				1A75071412EE94BC00181A5A /* STRuntimeMessage.m in Sources */,
				1A45F9E012F1275F00C8677A /* Writer.m in Sources */,
				1A45F9FD12F12A4300C8677A /* StringWriter.m in Sources */,
				1AF71DBE12F4767D0074A82A /* PrintWriter.m in Sources */,
				1AE408D412F71CE100CE1D62 /* MemBuffer.m in Sources */,
				1A6FC81D12FB4F1B003636A2 /* CodeGenerator.m in Sources */,
				1A6FC82012FB4F1B003636A2 /* GroupLexer.m in Sources */,
				1A6FC82212FB4F1B003636A2 /* GroupParser.m in Sources */,
				1A6FC82612FB4F1B003636A2 /* STParser.m in Sources */,
			);
			runOnlyForDeploymentPostprocessing = 0;
		};
/* End PBXSourcesBuildPhase section */

/* Begin PBXVariantGroup section */
		089C1666FE841158C02AAC07 /* InfoPlist.strings */ = {
			isa = PBXVariantGroup;
			children = (
				089C1667FE841158C02AAC07 /* English */,
			);
			name = InfoPlist.strings;
			sourceTree = "<group>";
		};
/* End PBXVariantGroup section */

/* Begin XCBuildConfiguration section */
		1A2329AA12F51185006C6627 /* Debug */ = {
			isa = XCBuildConfiguration;
			buildSettings = {
				ALWAYS_SEARCH_USER_PATHS = NO;
				COPY_PHASE_STRIP = NO;
				FRAMEWORK_SEARCH_PATHS = "$(DEVELOPER_LIBRARY_DIR)/Frameworks";
				GCC_DYNAMIC_NO_PIC = NO;
				GCC_ENABLE_FIX_AND_CONTINUE = NO;
				GCC_ENABLE_OBJC_EXCEPTIONS = YES;
				GCC_MODEL_TUNING = G5;
				GCC_OPTIMIZATION_LEVEL = 0;
				GCC_PRECOMPILE_PREFIX_HEADER = YES;
				GCC_PREFIX_HEADER = "$(SYSTEM_LIBRARY_DIR)/Frameworks/Cocoa.framework/Headers/Cocoa.h";
				HEADER_SEARCH_PATHS = /Developer/Library/Framworks/SenTestingKit.framework/Headers;
				INFOPLIST_FILE = "TestMisc-Info.plist";
				INSTALL_PATH = "$(USER_LIBRARY_DIR)/Bundles";
				OTHER_LDFLAGS = (
					"-framework",
					Cocoa,
					"-framework",
					SenTestingKit,
				);
				PREBINDING = NO;
				PRODUCT_NAME = TestMisc;
				WRAPPER_EXTENSION = octest;
			};
			name = Debug;
		};
		1A2329AB12F51185006C6627 /* Release */ = {
			isa = XCBuildConfiguration;
			buildSettings = {
				ALWAYS_SEARCH_USER_PATHS = NO;
				COPY_PHASE_STRIP = YES;
				DEBUG_INFORMATION_FORMAT = "dwarf-with-dsym";
				FRAMEWORK_SEARCH_PATHS = "$(DEVELOPER_LIBRARY_DIR)/Frameworks";
				GCC_ENABLE_FIX_AND_CONTINUE = NO;
				GCC_ENABLE_OBJC_EXCEPTIONS = YES;
				GCC_MODEL_TUNING = G5;
				GCC_PRECOMPILE_PREFIX_HEADER = YES;
				GCC_PREFIX_HEADER = "$(SYSTEM_LIBRARY_DIR)/Frameworks/Cocoa.framework/Headers/Cocoa.h";
				INFOPLIST_FILE = "TestMisc-Info.plist";
				INSTALL_PATH = "$(USER_LIBRARY_DIR)/Bundles";
				OTHER_LDFLAGS = (
					"-framework",
					Cocoa,
					"-framework",
					SenTestingKit,
				);
				PREBINDING = NO;
				PRODUCT_NAME = TestMisc;
				WRAPPER_EXTENSION = octest;
				ZERO_LINK = NO;
			};
			name = Release;
		};
		1DEB91AE08733DA50010E9CD /* Debug */ = {
			isa = XCBuildConfiguration;
			buildSettings = {
				COPY_PHASE_STRIP = NO;
				DYLIB_COMPATIBILITY_VERSION = 1;
				DYLIB_CURRENT_VERSION = 1;
				FRAMEWORK_VERSION = A;
				GCC_DYNAMIC_NO_PIC = NO;
				GCC_ENABLE_FIX_AND_CONTINUE = YES;
				GCC_GENERATE_DEBUGGING_SYMBOLS = YES;
				GCC_MODEL_TUNING = G5;
				GCC_OPTIMIZATION_LEVEL = 0;
				GCC_PRECOMPILE_PREFIX_HEADER = YES;
				GCC_PREFIX_HEADER = ST4_Prefix.pch;
				INFOPLIST_FILE = Info.plist;
				INSTALL_PATH = "$(HOME)/Library/Frameworks";
				PRODUCT_NAME = ST4;
				WRAPPER_EXTENSION = framework;
				ZERO_LINK = NO;
			};
			name = Debug;
		};
		1DEB91AF08733DA50010E9CD /* Release */ = {
			isa = XCBuildConfiguration;
			buildSettings = {
				ARCHS = (
					ppc,
					i386,
				);
				DYLIB_COMPATIBILITY_VERSION = 1;
				DYLIB_CURRENT_VERSION = 1;
				FRAMEWORK_VERSION = A;
				GCC_GENERATE_DEBUGGING_SYMBOLS = YES;
				GCC_MODEL_TUNING = G5;
				GCC_PRECOMPILE_PREFIX_HEADER = YES;
				GCC_PREFIX_HEADER = ST4_Prefix.pch;
				INFOPLIST_FILE = Info.plist;
				INSTALL_PATH = "$(HOME)/Library/Frameworks";
				PRODUCT_NAME = ST4;
				WRAPPER_EXTENSION = framework;
				ZERO_LINK = NO;
			};
			name = Release;
		};
		1DEB91B208733DA50010E9CD /* Debug */ = {
			isa = XCBuildConfiguration;
			buildSettings = {
				GCC_C_LANGUAGE_STANDARD = c99;
				GCC_ENABLE_OBJC_GC = required;
				GCC_OPTIMIZATION_LEVEL = 1;
				GCC_WARN_ABOUT_RETURN_TYPE = YES;
				GCC_WARN_UNUSED_VARIABLE = YES;
				PREBINDING = NO;
				SDKROOT = macosx10.6;
			};
			name = Debug;
		};
		1DEB91B308733DA50010E9CD /* Release */ = {
			isa = XCBuildConfiguration;
			buildSettings = {
				GCC_WARN_ABOUT_RETURN_TYPE = YES;
				GCC_WARN_UNUSED_VARIABLE = YES;
				PREBINDING = NO;
				SDKROOT = macosx10.4;
			};
			name = Release;
		};
/* End XCBuildConfiguration section */

/* Begin XCConfigurationList section */
		1A2329AC12F51185006C6627 /* Build configuration list for PBXNativeTarget "TestMisc" */ = {
			isa = XCConfigurationList;
			buildConfigurations = (
				1A2329AA12F51185006C6627 /* Debug */,
				1A2329AB12F51185006C6627 /* Release */,
			);
			defaultConfigurationIsVisible = 0;
			defaultConfigurationName = Release;
		};
		1DEB91AD08733DA50010E9CD /* Build configuration list for PBXNativeTarget "ST4" */ = {
			isa = XCConfigurationList;
			buildConfigurations = (
				1DEB91AE08733DA50010E9CD /* Debug */,
				1DEB91AF08733DA50010E9CD /* Release */,
			);
			defaultConfigurationIsVisible = 0;
			defaultConfigurationName = Release;
		};
		1DEB91B108733DA50010E9CD /* Build configuration list for PBXProject "a_ST4" */ = {
			isa = XCConfigurationList;
			buildConfigurations = (
				1DEB91B208733DA50010E9CD /* Debug */,
				1DEB91B308733DA50010E9CD /* Release */,
			);
			defaultConfigurationIsVisible = 0;
			defaultConfigurationName = Release;
		};
/* End XCConfigurationList section */
	};
	rootObject = 0867D690FE84028FC02AAC07 /* Project object */;
}
